
Microsoft Visual Studio Solution File, Format Version 12.00
# Visual Studio Version 17
VisualStudioVersion = 17.7.34024.191
MinimumVisualStudioVersion = 10.0.40219.1
Project("{FAE04EC0-301F-11D3-BF4B-00C04F79EFBC}") = "OneDriveDownloaded", "OneDriveDownloaded.csproj", "{62EE8E12-85DB-426D-BED9-DA401E39C5AE}"
EndProject
Global
	GlobalSection(SolutionConfigurationPlatforms) = preSolution
		Debug|Any CPU = Debug|Any CPU
		Release|Any CPU = Release|Any CPU
	EndGlobalSection
	GlobalSection(ProjectConfigurationPlatforms) = postSolution
		{62EE8E12-85DB-426D-BED9-DA401E39C5AE}.Debug|Any CPU.ActiveCfg = Debug|Any CPU
		{62EE8E12-85DB-426D-BED9-DA401E39C5AE}.Debug|Any CPU.Build.0 = Debug|Any CPU
		{62EE8E12-85DB-426D-BED9-DA401E39C5AE}.Release|Any CPU.ActiveCfg = Release|Any CPU
		{62EE8E12-85DB-426D-BED9-DA401E39C5AE}.Release|Any CPU.Build.0 = Release|Any CPU
	EndGlobalSection
	GlobalSection(SolutionProperties) = preSolution
		HideSolutionNode = FALSE
	EndGlobalSection
	GlobalSection(ExtensibilityGlobals) = postSolution
		SolutionGuid = {22DD2356-2414-406C-AD73-5C42CC6B9A5A}
	EndGlobalSection
EndGlobal
